
Microsoft Visual Studio Solution File, Format Version 12.00
# Visual Studio Version 17
VisualStudioVersion = 17.3.32825.248
MinimumVisualStudioVersion = 10.0.40219.1
Project("{FAE04EC0-301F-11D3-BF4B-00C04F79EFBC}") = "OOP1.1", "OOP1.1\OOP1.1.csproj", "{B98EAA9D-D90C-47DC-8C57-284358C79227}"
EndProject
Project("{FAE04EC0-301F-11D3-BF4B-00C04F79EFBC}") = "OOP1.2", "OOP1.2\OOP1.2.csproj", "{9EB4B50D-7A21-4B4D-AFD6-35DCC32B7B72}"
EndProject
Project("{FAE04EC0-301F-11D3-BF4B-00C04F79EFBC}") = "OOP2", "OOP2\OOP2.csproj", "{39411EBE-131E-484A-97D6-5EC687AA7B02}"
EndProject
Project("{FAE04EC0-301F-11D3-BF4B-00C04F79EFBC}") = "Test", "Test\Test.csproj", "{F31E858E-A26C-4B0C-BD9B-AC1D35F3E2C9}"
EndProject
Project("{FAE04EC0-301F-11D3-BF4B-00C04F79EFBC}") = "OOP1.3", "OOP1.3\OOP1.3.csproj", "{9D60D32A-507E-410F-A929-CCA256CA4C07}"
EndProject
Project("{FAE04EC0-301F-11D3-BF4B-00C04F79EFBC}") = "OOP1.4", "OOP1.4\OOP1.4.csproj", "{4460424D-623F-4564-9F11-6ABD1B18CBBF}"
EndProject
Project("{FAE04EC0-301F-11D3-BF4B-00C04F79EFBC}") = "OOP3", "OOP3\OOP3.csproj", "{610876AA-6A53-415E-909C-BAB66E4CD9F9}"
EndProject
Project("{FAE04EC0-301F-11D3-BF4B-00C04F79EFBC}") = "OOP4", "OOP4\OOP4.csproj", "{F78527D3-3ACA-4F64-8880-F4EAC30D81A2}"
EndProject
Project("{FAE04EC0-301F-11D3-BF4B-00C04F79EFBC}") = "OOP5", "OOP5\OOP5.csproj", "{58A2E011-1B47-4CD2-A4E2-AC3DE531A23F}"
EndProject
Project("{FAE04EC0-301F-11D3-BF4B-00C04F79EFBC}") = "OOP6", "OOP6\OOP6.csproj", "{5BC82965-BE3F-4658-A917-BB2630FD80F2}"
EndProject
Project("{FAE04EC0-301F-11D3-BF4B-00C04F79EFBC}") = "Tim", "Tim\Tim.csproj", "{9D048FEF-F68B-4512-A643-751945FED0F8}"
EndProject
Global
	GlobalSection(SolutionConfigurationPlatforms) = preSolution
		Debug|Any CPU = Debug|Any CPU
		Release|Any CPU = Release|Any CPU
	EndGlobalSection
	GlobalSection(ProjectConfigurationPlatforms) = postSolution
		{B98EAA9D-D90C-47DC-8C57-284358C79227}.Debug|Any CPU.ActiveCfg = Debug|Any CPU
		{B98EAA9D-D90C-47DC-8C57-284358C79227}.Debug|Any CPU.Build.0 = Debug|Any CPU
		{B98EAA9D-D90C-47DC-8C57-284358C79227}.Release|Any CPU.ActiveCfg = Release|Any CPU
		{B98EAA9D-D90C-47DC-8C57-284358C79227}.Release|Any CPU.Build.0 = Release|Any CPU
		{9EB4B50D-7A21-4B4D-AFD6-35DCC32B7B72}.Debug|Any CPU.ActiveCfg = Debug|Any CPU
		{9EB4B50D-7A21-4B4D-AFD6-35DCC32B7B72}.Debug|Any CPU.Build.0 = Debug|Any CPU
		{9EB4B50D-7A21-4B4D-AFD6-35DCC32B7B72}.Release|Any CPU.ActiveCfg = Release|Any CPU
		{9EB4B50D-7A21-4B4D-AFD6-35DCC32B7B72}.Release|Any CPU.Build.0 = Release|Any CPU
		{39411EBE-131E-484A-97D6-5EC687AA7B02}.Debug|Any CPU.ActiveCfg = Debug|Any CPU
		{39411EBE-131E-484A-97D6-5EC687AA7B02}.Debug|Any CPU.Build.0 = Debug|Any CPU
		{39411EBE-131E-484A-97D6-5EC687AA7B02}.Release|Any CPU.ActiveCfg = Release|Any CPU
		{39411EBE-131E-484A-97D6-5EC687AA7B02}.Release|Any CPU.Build.0 = Release|Any CPU
		{F31E858E-A26C-4B0C-BD9B-AC1D35F3E2C9}.Debug|Any CPU.ActiveCfg = Debug|Any CPU
		{F31E858E-A26C-4B0C-BD9B-AC1D35F3E2C9}.Debug|Any CPU.Build.0 = Debug|Any CPU
		{F31E858E-A26C-4B0C-BD9B-AC1D35F3E2C9}.Release|Any CPU.ActiveCfg = Release|Any CPU
		{F31E858E-A26C-4B0C-BD9B-AC1D35F3E2C9}.Release|Any CPU.Build.0 = Release|Any CPU
		{9D60D32A-507E-410F-A929-CCA256CA4C07}.Debug|Any CPU.ActiveCfg = Debug|Any CPU
		{9D60D32A-507E-410F-A929-CCA256CA4C07}.Debug|Any CPU.Build.0 = Debug|Any CPU
		{9D60D32A-507E-410F-A929-CCA256CA4C07}.Release|Any CPU.ActiveCfg = Release|Any CPU
		{9D60D32A-507E-410F-A929-CCA256CA4C07}.Release|Any CPU.Build.0 = Release|Any CPU
		{4460424D-623F-4564-9F11-6ABD1B18CBBF}.Debug|Any CPU.ActiveCfg = Debug|Any CPU
		{4460424D-623F-4564-9F11-6ABD1B18CBBF}.Debug|Any CPU.Build.0 = Debug|Any CPU
		{4460424D-623F-4564-9F11-6ABD1B18CBBF}.Release|Any CPU.ActiveCfg = Release|Any CPU
		{4460424D-623F-4564-9F11-6ABD1B18CBBF}.Release|Any CPU.Build.0 = Release|Any CPU
		{610876AA-6A53-415E-909C-BAB66E4CD9F9}.Debug|Any CPU.ActiveCfg = Debug|Any CPU
		{610876AA-6A53-415E-909C-BAB66E4CD9F9}.Debug|Any CPU.Build.0 = Debug|Any CPU
		{610876AA-6A53-415E-909C-BAB66E4CD9F9}.Release|Any CPU.ActiveCfg = Release|Any CPU
		{610876AA-6A53-415E-909C-BAB66E4CD9F9}.Release|Any CPU.Build.0 = Release|Any CPU
		{F78527D3-3ACA-4F64-8880-F4EAC30D81A2}.Debug|Any CPU.ActiveCfg = Debug|Any CPU
		{F78527D3-3ACA-4F64-8880-F4EAC30D81A2}.Debug|Any CPU.Build.0 = Debug|Any CPU
		{F78527D3-3ACA-4F64-8880-F4EAC30D81A2}.Release|Any CPU.ActiveCfg = Release|Any CPU
		{F78527D3-3ACA-4F64-8880-F4EAC30D81A2}.Release|Any CPU.Build.0 = Release|Any CPU
		{58A2E011-1B47-4CD2-A4E2-AC3DE531A23F}.Debug|Any CPU.ActiveCfg = Debug|Any CPU
		{58A2E011-1B47-4CD2-A4E2-AC3DE531A23F}.Debug|Any CPU.Build.0 = Debug|Any CPU
		{58A2E011-1B47-4CD2-A4E2-AC3DE531A23F}.Release|Any CPU.ActiveCfg = Release|Any CPU
		{58A2E011-1B47-4CD2-A4E2-AC3DE531A23F}.Release|Any CPU.Build.0 = Release|Any CPU
		{5BC82965-BE3F-4658-A917-BB2630FD80F2}.Debug|Any CPU.ActiveCfg = Debug|Any CPU
		{5BC82965-BE3F-4658-A917-BB2630FD80F2}.Debug|Any CPU.Build.0 = Debug|Any CPU
		{5BC82965-BE3F-4658-A917-BB2630FD80F2}.Release|Any CPU.ActiveCfg = Release|Any CPU
		{5BC82965-BE3F-4658-A917-BB2630FD80F2}.Release|Any CPU.Build.0 = Release|Any CPU
		{9D048FEF-F68B-4512-A643-751945FED0F8}.Debug|Any CPU.ActiveCfg = Debug|Any CPU
		{9D048FEF-F68B-4512-A643-751945FED0F8}.Debug|Any CPU.Build.0 = Debug|Any CPU
		{9D048FEF-F68B-4512-A643-751945FED0F8}.Release|Any CPU.ActiveCfg = Release|Any CPU
		{9D048FEF-F68B-4512-A643-751945FED0F8}.Release|Any CPU.Build.0 = Release|Any CPU
	EndGlobalSection
	GlobalSection(SolutionProperties) = preSolution
		HideSolutionNode = FALSE
	EndGlobalSection
	GlobalSection(ExtensibilityGlobals) = postSolution
		SolutionGuid = {33A00633-3305-4C2F-9D1A-C9B6D6CF6899}
	EndGlobalSection
EndGlobal
